
Microsoft Visual Studio Solution File, Format Version 12.00
# Visual Studio Version 17
VisualStudioVersion = 17.3.32804.467
MinimumVisualStudioVersion = 10.0.40219.1
Project("{FAE04EC0-301F-11D3-BF4B-00C04F79EFBC}") = "WebApiDemo", "WebApiDemo\WebApiDemo.csproj", "{B7D12453-CA2D-4A84-8ABA-ADA3D534C6EE}"
EndProject
Project("{FAE04EC0-301F-11D3-BF4B-00C04F79EFBC}") = "WebApplication01", "WebApplication01\WebApplication01.csproj", "{F9BE6010-654D-4E0A-8461-8F744D738718}"
EndProject
Project("{FAE04EC0-301F-11D3-BF4B-00C04F79EFBC}") = "WebApplication02", "WebApplication02\WebApplication02.csproj", "{F9DD2CA1-4DE8-432A-9EFC-E3F46BED3098}"
EndProject
Global
	GlobalSection(SolutionConfigurationPlatforms) = preSolution
		Debug|Any CPU = Debug|Any CPU
		Release|Any CPU = Release|Any CPU
	EndGlobalSection
	GlobalSection(ProjectConfigurationPlatforms) = postSolution
		{B7D12453-CA2D-4A84-8ABA-ADA3D534C6EE}.Debug|Any CPU.ActiveCfg = Debug|Any CPU
		{B7D12453-CA2D-4A84-8ABA-ADA3D534C6EE}.Debug|Any CPU.Build.0 = Debug|Any CPU
		{B7D12453-CA2D-4A84-8ABA-ADA3D534C6EE}.Release|Any CPU.ActiveCfg = Release|Any CPU
		{B7D12453-CA2D-4A84-8ABA-ADA3D534C6EE}.Release|Any CPU.Build.0 = Release|Any CPU
		{F9BE6010-654D-4E0A-8461-8F744D738718}.Debug|Any CPU.ActiveCfg = Debug|Any CPU
		{F9BE6010-654D-4E0A-8461-8F744D738718}.Debug|Any CPU.Build.0 = Debug|Any CPU
		{F9BE6010-654D-4E0A-8461-8F744D738718}.Release|Any CPU.ActiveCfg = Release|Any CPU
		{F9BE6010-654D-4E0A-8461-8F744D738718}.Release|Any CPU.Build.0 = Release|Any CPU
		{F9DD2CA1-4DE8-432A-9EFC-E3F46BED3098}.Debug|Any CPU.ActiveCfg = Debug|Any CPU
		{F9DD2CA1-4DE8-432A-9EFC-E3F46BED3098}.Debug|Any CPU.Build.0 = Debug|Any CPU
		{F9DD2CA1-4DE8-432A-9EFC-E3F46BED3098}.Release|Any CPU.ActiveCfg = Release|Any CPU
		{F9DD2CA1-4DE8-432A-9EFC-E3F46BED3098}.Release|Any CPU.Build.0 = Release|Any CPU
	EndGlobalSection
	GlobalSection(SolutionProperties) = preSolution
		HideSolutionNode = FALSE
	EndGlobalSection
	GlobalSection(ExtensibilityGlobals) = postSolution
		SolutionGuid = {9014167F-12F0-40D2-A3B6-157C0C06A23A}
	EndGlobalSection
EndGlobal
